
Microsoft Visual Studio Solution File, Format Version 12.00
# Visual Studio Version 17
VisualStudioVersion = 17.6.33723.286
MinimumVisualStudioVersion = 10.0.40219.1
Project("{9A19103F-16F7-4668-BE54-9A1E7A4F7556}") = "aspIdentity", "aspIdentity\aspIdentity.csproj", "{331CF0B6-01D0-4A6D-832F-FC4F0F8B47C9}"
EndProject
Global
	GlobalSection(SolutionConfigurationPlatforms) = preSolution
		Debug|Any CPU = Debug|Any CPU
		Release|Any CPU = Release|Any CPU
	EndGlobalSection
	GlobalSection(ProjectConfigurationPlatforms) = postSolution
		{331CF0B6-01D0-4A6D-832F-FC4F0F8B47C9}.Debug|Any CPU.ActiveCfg = Debug|Any CPU
		{331CF0B6-01D0-4A6D-832F-FC4F0F8B47C9}.Debug|Any CPU.Build.0 = Debug|Any CPU
		{331CF0B6-01D0-4A6D-832F-FC4F0F8B47C9}.Release|Any CPU.ActiveCfg = Release|Any CPU
		{331CF0B6-01D0-4A6D-832F-FC4F0F8B47C9}.Release|Any CPU.Build.0 = Release|Any CPU
	EndGlobalSection
	GlobalSection(SolutionProperties) = preSolution
		HideSolutionNode = FALSE
	EndGlobalSection
	GlobalSection(ExtensibilityGlobals) = postSolution
		SolutionGuid = {B04E80F1-37BD-451B-B472-DD6461AD3163}
	EndGlobalSection
EndGlobal
